
Microsoft Visual Studio Solution File, Format Version 12.00
# Visual Studio Version 16
VisualStudioVersion = 16.0.31727.386
MinimumVisualStudioVersion = 10.0.40219.1
Project("{FAE04EC0-301F-11D3-BF4B-00C04F79EFBC}") = "AnimalStore", "AnimalStore\AnimalStore.csproj", "{38CB5DC9-F4AD-4186-A764-61959D1864AC}"
EndProject
Global
	GlobalSection(SolutionConfigurationPlatforms) = preSolution
		Debug|Any CPU = Debug|Any CPU
		Release|Any CPU = Release|Any CPU
	EndGlobalSection
	GlobalSection(ProjectConfigurationPlatforms) = postSolution
		{38CB5DC9-F4AD-4186-A764-61959D1864AC}.Debug|Any CPU.ActiveCfg = Debug|Any CPU
		{38CB5DC9-F4AD-4186-A764-61959D1864AC}.Debug|Any CPU.Build.0 = Debug|Any CPU
		{38CB5DC9-F4AD-4186-A764-61959D1864AC}.Release|Any CPU.ActiveCfg = Release|Any CPU
		{38CB5DC9-F4AD-4186-A764-61959D1864AC}.Release|Any CPU.Build.0 = Release|Any CPU
	EndGlobalSection
	GlobalSection(SolutionProperties) = preSolution
		HideSolutionNode = FALSE
	EndGlobalSection
	GlobalSection(ExtensibilityGlobals) = postSolution
		SolutionGuid = {DB626ACD-C07D-481B-8AFB-A3898C5A5757}
	EndGlobalSection
EndGlobal
